{
  "name": "course-ingest",
  "version": "0.1.0",
  "lockfileVersion": 3,
  "requires": true,
  "packages": {
    "": {
      "name": "course-ingest",
      "version": "0.1.0",
      "dependencies": {
        "fastify": "^4.28.1",
        "pg": "^8.11.5",
        "zod": "^3.24.1"
      }
    }
  }
}